<?xml version="1.0" encoding="utf-8"?>
<Project ToolsVersion="4.0" xmlns="http://schemas.microsoft.com/developer/msbuild/2003">
  <ItemGroup>
    <Filter Include="Source Files">
      <UniqueIdentifier>{4FC737F1-C7A5-4376-A066-2A32D752A2FF}</UniqueIdentifier>
      <Extensions>cpp;c;cc;cxx;c++;def;odl;idl;hpj;bat;asm;asmx</Extensions>
    </Filter>
    <Filter Include="Header Files">
      <UniqueIdentifier>{93995380-89BD-4b04-88EB-625FBE52EBFB}</UniqueIdentifier>
      <Extensions>h;hh;hpp;hxx;h++;hm;inl;inc;ipp;xsd</Extensions>
    </Filter>
    <Filter Include="Resource Files">
      <UniqueIdentifier>{67DA6AB6-F800-4c08-8B7A-83BB121AAD01}</UniqueIdentifier>
      <Extensions>rc;ico;cur;bmp;dlg;rc2;rct;bin;rgs;gif;jpg;jpeg;jpe;resx;tiff;tif;png;wav;mfcribbon-ms</Extensions>
    </Filter>
    <Filter Include="Reconstruction">
      <UniqueIdentifier>{b46ec9c7-f55d-4af8-ae19-6fe9042efb93}</UniqueIdentifier>
    </Filter>
    <Filter Include="old">
      <UniqueIdentifier>{7600d1d8-0004-4050-a4e7-5b17379d5441}</UniqueIdentifier>
    </Filter>
    <Filter Include="Eq">
      <UniqueIdentifier>{0fbca3be-dd7f-492d-9f20-8b432c6f331b}</UniqueIdentifier>
    </Filter>
    <Filter Include="Defs">
      <UniqueIdentifier>{f7f53382-9fc8-483d-8ffd-dcecde8ab282}</UniqueIdentifier>
    </Filter>
    <Filter Include="Export">
      <UniqueIdentifier>{a1ae8d3a-6f11-43be-a738-90d2eb4d5373}</UniqueIdentifier>
    </Filter>
    <Filter Include="Probs">
      <UniqueIdentifier>{e8abbca9-d348-4c0e-bbb1-9e39963c56e7}</UniqueIdentifier>
    </Filter>
    <Filter Include="Riemann">
      <UniqueIdentifier>{c3720993-26ec-4353-ac1d-e341edcd237f}</UniqueIdentifier>
    </Filter>
  </ItemGroup>
  <ItemGroup>
    <ClCompile Include="Asteria3d.cpp">
      <Filter>Source Files</Filter>
    </ClCompile>
    <ClCompile Include="old\2dMHD.cpp">
      <Filter>old</Filter>
    </ClCompile>
  </ItemGroup>
  <ItemGroup>
    <ClInclude Include="old\Eigenvalues.h">
      <Filter>old</Filter>
    </ClInclude>
    <ClInclude Include="old\InitCond.h">
      <Filter>old</Filter>
    </ClInclude>
    <ClInclude Include="old\InOut.h">
      <Filter>old</Filter>
    </ClInclude>
    <ClInclude Include="old\MHD.h">
      <Filter>old</Filter>
    </ClInclude>
    <ClInclude Include="old\phymaths.h">
      <Filter>old</Filter>
    </ClInclude>
    <ClInclude Include="old\Reconstruction.h">
      <Filter>old</Filter>
    </ClInclude>
    <ClInclude Include="old\Riemann.h">
      <Filter>old</Filter>
    </ClInclude>
    <ClInclude Include="old\Waves.h">
      <Filter>old</Filter>
    </ClInclude>
    <ClInclude Include="Config.h">
      <Filter>Header Files</Filter>
    </ClInclude>
    <ClInclude Include="probs\otvortex.h">
      <Filter>Probs</Filter>
    </ClInclude>
    <ClInclude Include="old\Arrays.h">
      <Filter>old</Filter>
    </ClInclude>
    <ClInclude Include="primBounds.h">
      <Filter>Header Files</Filter>
    </ClInclude>
    <ClInclude Include="consBounds.h">
      <Filter>Header Files</Filter>
    </ClInclude>
    <ClInclude Include="prob.h">
      <Filter>Header Files</Filter>
    </ClInclude>
    <ClInclude Include="Eq\AdiabHD.h">
      <Filter>Eq</Filter>
    </ClInclude>
    <ClInclude Include="Eq\AdiabMHD.h">
      <Filter>Eq</Filter>
    </ClInclude>
    <ClInclude Include="Eq\IsoMHD.h">
      <Filter>Eq</Filter>
    </ClInclude>
    <ClInclude Include="Defs\Arrays.h">
      <Filter>Defs</Filter>
    </ClInclude>
    <ClInclude Include="Defs\Definitions.h">
      <Filter>Defs</Filter>
    </ClInclude>
    <ClInclude Include="Reconstruction\eigen.h">
      <Filter>Reconstruction</Filter>
    </ClInclude>
    <ClInclude Include="Reconstruction\plm.h">
      <Filter>Reconstruction</Filter>
    </ClInclude>
    <ClInclude Include="Defs\phymaths.h">
      <Filter>Defs</Filter>
    </ClInclude>
    <ClInclude Include="Export\vtk.h">
      <Filter>Export</Filter>
    </ClInclude>
    <ClInclude Include="Riemann\hllc.h">
      <Filter>Riemann</Filter>
    </ClInclude>
    <ClInclude Include="Riemann\hlld.h">
      <Filter>Riemann</Filter>
    </ClInclude>
    <ClInclude Include="Riemann\hlle.h">
      <Filter>Riemann</Filter>
    </ClInclude>
    <ClInclude Include="probs\sod.h">
      <Filter>Probs</Filter>
    </ClInclude>
    <ClInclude Include="Export\csv.h">
      <Filter>Export</Filter>
    </ClInclude>
    <ClInclude Include="Reconstruction\pcm.h">
      <Filter>Reconstruction</Filter>
    </ClInclude>
    <ClInclude Include="Eq\CT.h">
      <Filter>Eq</Filter>
    </ClInclude>
  </ItemGroup>
</Project>